
Microsoft Visual Studio Solution File, Format Version 12.00
# Visual Studio Version 17
VisualStudioVersion = 17.11.35312.102
MinimumVisualStudioVersion = 10.0.40219.1
Project("{9A19103F-16F7-4668-BE54-9A1E7A4F7556}") = "Customers.API", "Customers.API\Customers.API.csproj", "{714C00BB-D427-4E7E-9BAE-162B6B68FE9B}"
EndProject
Project("{9A19103F-16F7-4668-BE54-9A1E7A4F7556}") = "Database", "Database\Database.csproj", "{5B1261F2-AAD8-4B61-B74F-7AD307297B55}"
EndProject
Project("{9A19103F-16F7-4668-BE54-9A1E7A4F7556}") = "Core", "Core\Core.csproj", "{D19E290B-1333-4C58-BC49-F01B6BB619CD}"
EndProject
Project("{9A19103F-16F7-4668-BE54-9A1E7A4F7556}") = "Customers.Service", "Service\Customers.Service.csproj", "{9DC91EB2-B3F0-44BC-8BBD-D47A90312EA3}"
EndProject
Project("{9A19103F-16F7-4668-BE54-9A1E7A4F7556}") = "Common", "Common\Common.csproj", "{CF3D1801-CC0F-4F73-8624-8DFF14E99A1C}"
EndProject
Project("{9A19103F-16F7-4668-BE54-9A1E7A4F7556}") = "Util", "Util\Util.csproj", "{18BEB73B-3125-42C7-93C9-D8E67CAC339C}"
EndProject
Project("{9A19103F-16F7-4668-BE54-9A1E7A4F7556}") = "Accounts.API", "Accounts.API\Accounts.API.csproj", "{2D759C64-6C28-47C1-BB5A-32F872D0488C}"
EndProject
Project("{FAE04EC0-301F-11D3-BF4B-00C04F79EFBC}") = "Accounts.Service", "Accounts.Service\Accounts.Service.csproj", "{8867F9FA-E1CB-46F1-96D7-38CD28A66114}"
EndProject
Global
	GlobalSection(SolutionConfigurationPlatforms) = preSolution
		Debug|Any CPU = Debug|Any CPU
		Release|Any CPU = Release|Any CPU
	EndGlobalSection
	GlobalSection(ProjectConfigurationPlatforms) = postSolution
		{714C00BB-D427-4E7E-9BAE-162B6B68FE9B}.Debug|Any CPU.ActiveCfg = Debug|Any CPU
		{714C00BB-D427-4E7E-9BAE-162B6B68FE9B}.Debug|Any CPU.Build.0 = Debug|Any CPU
		{714C00BB-D427-4E7E-9BAE-162B6B68FE9B}.Release|Any CPU.ActiveCfg = Release|Any CPU
		{714C00BB-D427-4E7E-9BAE-162B6B68FE9B}.Release|Any CPU.Build.0 = Release|Any CPU
		{5B1261F2-AAD8-4B61-B74F-7AD307297B55}.Debug|Any CPU.ActiveCfg = Debug|Any CPU
		{5B1261F2-AAD8-4B61-B74F-7AD307297B55}.Debug|Any CPU.Build.0 = Debug|Any CPU
		{5B1261F2-AAD8-4B61-B74F-7AD307297B55}.Release|Any CPU.ActiveCfg = Release|Any CPU
		{5B1261F2-AAD8-4B61-B74F-7AD307297B55}.Release|Any CPU.Build.0 = Release|Any CPU
		{D19E290B-1333-4C58-BC49-F01B6BB619CD}.Debug|Any CPU.ActiveCfg = Debug|Any CPU
		{D19E290B-1333-4C58-BC49-F01B6BB619CD}.Debug|Any CPU.Build.0 = Debug|Any CPU
		{D19E290B-1333-4C58-BC49-F01B6BB619CD}.Release|Any CPU.ActiveCfg = Release|Any CPU
		{D19E290B-1333-4C58-BC49-F01B6BB619CD}.Release|Any CPU.Build.0 = Release|Any CPU
		{9DC91EB2-B3F0-44BC-8BBD-D47A90312EA3}.Debug|Any CPU.ActiveCfg = Debug|Any CPU
		{9DC91EB2-B3F0-44BC-8BBD-D47A90312EA3}.Debug|Any CPU.Build.0 = Debug|Any CPU
		{9DC91EB2-B3F0-44BC-8BBD-D47A90312EA3}.Release|Any CPU.ActiveCfg = Release|Any CPU
		{9DC91EB2-B3F0-44BC-8BBD-D47A90312EA3}.Release|Any CPU.Build.0 = Release|Any CPU
		{CF3D1801-CC0F-4F73-8624-8DFF14E99A1C}.Debug|Any CPU.ActiveCfg = Debug|Any CPU
		{CF3D1801-CC0F-4F73-8624-8DFF14E99A1C}.Debug|Any CPU.Build.0 = Debug|Any CPU
		{CF3D1801-CC0F-4F73-8624-8DFF14E99A1C}.Release|Any CPU.ActiveCfg = Release|Any CPU
		{CF3D1801-CC0F-4F73-8624-8DFF14E99A1C}.Release|Any CPU.Build.0 = Release|Any CPU
		{18BEB73B-3125-42C7-93C9-D8E67CAC339C}.Debug|Any CPU.ActiveCfg = Debug|Any CPU
		{18BEB73B-3125-42C7-93C9-D8E67CAC339C}.Debug|Any CPU.Build.0 = Debug|Any CPU
		{18BEB73B-3125-42C7-93C9-D8E67CAC339C}.Release|Any CPU.ActiveCfg = Release|Any CPU
		{18BEB73B-3125-42C7-93C9-D8E67CAC339C}.Release|Any CPU.Build.0 = Release|Any CPU
		{2D759C64-6C28-47C1-BB5A-32F872D0488C}.Debug|Any CPU.ActiveCfg = Debug|Any CPU
		{2D759C64-6C28-47C1-BB5A-32F872D0488C}.Debug|Any CPU.Build.0 = Debug|Any CPU
		{2D759C64-6C28-47C1-BB5A-32F872D0488C}.Release|Any CPU.ActiveCfg = Release|Any CPU
		{2D759C64-6C28-47C1-BB5A-32F872D0488C}.Release|Any CPU.Build.0 = Release|Any CPU
		{8867F9FA-E1CB-46F1-96D7-38CD28A66114}.Debug|Any CPU.ActiveCfg = Debug|Any CPU
		{8867F9FA-E1CB-46F1-96D7-38CD28A66114}.Debug|Any CPU.Build.0 = Debug|Any CPU
		{8867F9FA-E1CB-46F1-96D7-38CD28A66114}.Release|Any CPU.ActiveCfg = Release|Any CPU
		{8867F9FA-E1CB-46F1-96D7-38CD28A66114}.Release|Any CPU.Build.0 = Release|Any CPU
	EndGlobalSection
	GlobalSection(SolutionProperties) = preSolution
		HideSolutionNode = FALSE
	EndGlobalSection
	GlobalSection(ExtensibilityGlobals) = postSolution
		SolutionGuid = {E89FBDF6-10E0-4B54-8729-773B97DEF02F}
	EndGlobalSection
EndGlobal
