
Microsoft Visual Studio Solution File, Format Version 12.00
# Visual Studio Version 17
VisualStudioVersion = 17.11.35312.102
MinimumVisualStudioVersion = 10.0.40219.1
Project("{9A19103F-16F7-4668-BE54-9A1E7A4F7556}") = "Customers.API", "Customers.API\Customers.API.csproj", "{714C00BB-D427-4E7E-9BAE-162B6B68FE9B}"
EndProject
Project("{9A19103F-16F7-4668-BE54-9A1E7A4F7556}") = "Database", "Database\Database.csproj", "{5B1261F2-AAD8-4B61-B74F-7AD307297B55}"
EndProject
Project("{FAE04EC0-301F-11D3-BF4B-00C04F79EFBC}") = "Core", "Core\Core.csproj", "{D19E290B-1333-4C58-BC49-F01B6BB619CD}"
EndProject
Global
	GlobalSection(SolutionConfigurationPlatforms) = preSolution
		Debug|Any CPU = Debug|Any CPU
		Release|Any CPU = Release|Any CPU
	EndGlobalSection
	GlobalSection(ProjectConfigurationPlatforms) = postSolution
		{714C00BB-D427-4E7E-9BAE-162B6B68FE9B}.Debug|Any CPU.ActiveCfg = Debug|Any CPU
		{714C00BB-D427-4E7E-9BAE-162B6B68FE9B}.Debug|Any CPU.Build.0 = Debug|Any CPU
		{714C00BB-D427-4E7E-9BAE-162B6B68FE9B}.Release|Any CPU.ActiveCfg = Release|Any CPU
		{714C00BB-D427-4E7E-9BAE-162B6B68FE9B}.Release|Any CPU.Build.0 = Release|Any CPU
		{5B1261F2-AAD8-4B61-B74F-7AD307297B55}.Debug|Any CPU.ActiveCfg = Debug|Any CPU
		{5B1261F2-AAD8-4B61-B74F-7AD307297B55}.Debug|Any CPU.Build.0 = Debug|Any CPU
		{5B1261F2-AAD8-4B61-B74F-7AD307297B55}.Release|Any CPU.ActiveCfg = Release|Any CPU
		{5B1261F2-AAD8-4B61-B74F-7AD307297B55}.Release|Any CPU.Build.0 = Release|Any CPU
		{D19E290B-1333-4C58-BC49-F01B6BB619CD}.Debug|Any CPU.ActiveCfg = Debug|Any CPU
		{D19E290B-1333-4C58-BC49-F01B6BB619CD}.Debug|Any CPU.Build.0 = Debug|Any CPU
		{D19E290B-1333-4C58-BC49-F01B6BB619CD}.Release|Any CPU.ActiveCfg = Release|Any CPU
		{D19E290B-1333-4C58-BC49-F01B6BB619CD}.Release|Any CPU.Build.0 = Release|Any CPU
	EndGlobalSection
	GlobalSection(SolutionProperties) = preSolution
		HideSolutionNode = FALSE
	EndGlobalSection
	GlobalSection(ExtensibilityGlobals) = postSolution
		SolutionGuid = {E89FBDF6-10E0-4B54-8729-773B97DEF02F}
	EndGlobalSection
EndGlobal
